
Microsoft Visual Studio Solution File, Format Version 12.00
# Visual Studio 15
VisualStudioVersion = 15.0.28307.271
MinimumVisualStudioVersion = 10.0.40219.1
Project("{2150E333-8FDC-42A3-9474-1A3956D46DE8}") = "1 - Application", "1 - Application", "{57E63DEB-9D46-4DAC-9542-D4B9BF78D7EE}"
EndProject
Project("{2150E333-8FDC-42A3-9474-1A3956D46DE8}") = "2 - Domain", "2 - Domain", "{C2D5793B-3D4B-45E8-BB5E-C7C4458D4BE2}"
EndProject
Project("{2150E333-8FDC-42A3-9474-1A3956D46DE8}") = "3 - Service", "3 - Service", "{799944A5-9218-4074-B51A-32FDE3E0686F}"
	ProjectSection(SolutionItems) = preProject
		ReadMe_Service.txt = ReadMe_Service.txt
	EndProjectSection
EndProject
Project("{2150E333-8FDC-42A3-9474-1A3956D46DE8}") = "4 - Infra", "4 - Infra", "{CFEF467D-4646-4D59-A851-9D35C840D26D}"
EndProject
Project("{2150E333-8FDC-42A3-9474-1A3956D46DE8}") = "4.1 - Data", "4.1 - Data", "{18CCE871-2C86-416A-9D8D-A195F98B1FAF}"
EndProject
Project("{2150E333-8FDC-42A3-9474-1A3956D46DE8}") = "4.2 - CrossCutting", "4.2 - CrossCutting", "{4D9FC2A4-3573-4071-B3D0-F303E1694802}"
	ProjectSection(SolutionItems) = preProject
		ReadMe_CrossCutting.txt = ReadMe_CrossCutting.txt
	EndProjectSection
EndProject
Project("{FAE04EC0-301F-11D3-BF4B-00C04F79EFBC}") = "WebApi", "WebApi\WebApi.csproj", "{CA8A849D-2991-4CE8-A91C-1F826A5C2AC9}"
EndProject
Project("{FAE04EC0-301F-11D3-BF4B-00C04F79EFBC}") = "Web", "Web\Web.csproj", "{C01B4C45-0903-4837-B9D2-4A2A58D36FA5}"
EndProject
Project("{FAE04EC0-301F-11D3-BF4B-00C04F79EFBC}") = "Domain", "Domain\Domain.csproj", "{6AE4F93A-6626-4F0D-AA29-CD4CAE6A41E5}"
EndProject
Project("{FAE04EC0-301F-11D3-BF4B-00C04F79EFBC}") = "Service", "Service\Service.csproj", "{4B0A8CC2-E513-4C68-8B2B-1851E192733F}"
EndProject
Project("{FAE04EC0-301F-11D3-BF4B-00C04F79EFBC}") = "Infra.Data", "Infra.Data\Infra.Data.csproj", "{7E3D2B04-3348-4CAA-AFF9-F8F860A17E94}"
EndProject
Project("{FAE04EC0-301F-11D3-BF4B-00C04F79EFBC}") = "InfraCrossCutting", "InfraCrossCutting\InfraCrossCutting.csproj", "{7F1F14F6-D721-4243-AD7D-48DCC3829715}"
EndProject
Global
	GlobalSection(SolutionConfigurationPlatforms) = preSolution
		Debug|Any CPU = Debug|Any CPU
		Release|Any CPU = Release|Any CPU
	EndGlobalSection
	GlobalSection(ProjectConfigurationPlatforms) = postSolution
		{CA8A849D-2991-4CE8-A91C-1F826A5C2AC9}.Debug|Any CPU.ActiveCfg = Debug|Any CPU
		{CA8A849D-2991-4CE8-A91C-1F826A5C2AC9}.Debug|Any CPU.Build.0 = Debug|Any CPU
		{CA8A849D-2991-4CE8-A91C-1F826A5C2AC9}.Release|Any CPU.ActiveCfg = Release|Any CPU
		{CA8A849D-2991-4CE8-A91C-1F826A5C2AC9}.Release|Any CPU.Build.0 = Release|Any CPU
		{C01B4C45-0903-4837-B9D2-4A2A58D36FA5}.Debug|Any CPU.ActiveCfg = Debug|Any CPU
		{C01B4C45-0903-4837-B9D2-4A2A58D36FA5}.Debug|Any CPU.Build.0 = Debug|Any CPU
		{C01B4C45-0903-4837-B9D2-4A2A58D36FA5}.Release|Any CPU.ActiveCfg = Release|Any CPU
		{C01B4C45-0903-4837-B9D2-4A2A58D36FA5}.Release|Any CPU.Build.0 = Release|Any CPU
		{6AE4F93A-6626-4F0D-AA29-CD4CAE6A41E5}.Debug|Any CPU.ActiveCfg = Debug|Any CPU
		{6AE4F93A-6626-4F0D-AA29-CD4CAE6A41E5}.Debug|Any CPU.Build.0 = Debug|Any CPU
		{6AE4F93A-6626-4F0D-AA29-CD4CAE6A41E5}.Release|Any CPU.ActiveCfg = Release|Any CPU
		{6AE4F93A-6626-4F0D-AA29-CD4CAE6A41E5}.Release|Any CPU.Build.0 = Release|Any CPU
		{4B0A8CC2-E513-4C68-8B2B-1851E192733F}.Debug|Any CPU.ActiveCfg = Debug|Any CPU
		{4B0A8CC2-E513-4C68-8B2B-1851E192733F}.Debug|Any CPU.Build.0 = Debug|Any CPU
		{4B0A8CC2-E513-4C68-8B2B-1851E192733F}.Release|Any CPU.ActiveCfg = Release|Any CPU
		{4B0A8CC2-E513-4C68-8B2B-1851E192733F}.Release|Any CPU.Build.0 = Release|Any CPU
		{7E3D2B04-3348-4CAA-AFF9-F8F860A17E94}.Debug|Any CPU.ActiveCfg = Debug|Any CPU
		{7E3D2B04-3348-4CAA-AFF9-F8F860A17E94}.Debug|Any CPU.Build.0 = Debug|Any CPU
		{7E3D2B04-3348-4CAA-AFF9-F8F860A17E94}.Release|Any CPU.ActiveCfg = Release|Any CPU
		{7E3D2B04-3348-4CAA-AFF9-F8F860A17E94}.Release|Any CPU.Build.0 = Release|Any CPU
		{7F1F14F6-D721-4243-AD7D-48DCC3829715}.Debug|Any CPU.ActiveCfg = Debug|Any CPU
		{7F1F14F6-D721-4243-AD7D-48DCC3829715}.Debug|Any CPU.Build.0 = Debug|Any CPU
		{7F1F14F6-D721-4243-AD7D-48DCC3829715}.Release|Any CPU.ActiveCfg = Release|Any CPU
		{7F1F14F6-D721-4243-AD7D-48DCC3829715}.Release|Any CPU.Build.0 = Release|Any CPU
	EndGlobalSection
	GlobalSection(SolutionProperties) = preSolution
		HideSolutionNode = FALSE
	EndGlobalSection
	GlobalSection(NestedProjects) = preSolution
		{18CCE871-2C86-416A-9D8D-A195F98B1FAF} = {CFEF467D-4646-4D59-A851-9D35C840D26D}
		{4D9FC2A4-3573-4071-B3D0-F303E1694802} = {CFEF467D-4646-4D59-A851-9D35C840D26D}
		{CA8A849D-2991-4CE8-A91C-1F826A5C2AC9} = {57E63DEB-9D46-4DAC-9542-D4B9BF78D7EE}
		{C01B4C45-0903-4837-B9D2-4A2A58D36FA5} = {57E63DEB-9D46-4DAC-9542-D4B9BF78D7EE}
		{6AE4F93A-6626-4F0D-AA29-CD4CAE6A41E5} = {C2D5793B-3D4B-45E8-BB5E-C7C4458D4BE2}
		{4B0A8CC2-E513-4C68-8B2B-1851E192733F} = {799944A5-9218-4074-B51A-32FDE3E0686F}
		{7E3D2B04-3348-4CAA-AFF9-F8F860A17E94} = {18CCE871-2C86-416A-9D8D-A195F98B1FAF}
		{7F1F14F6-D721-4243-AD7D-48DCC3829715} = {4D9FC2A4-3573-4071-B3D0-F303E1694802}
	EndGlobalSection
	GlobalSection(ExtensibilityGlobals) = postSolution
		SolutionGuid = {D5F6EEDA-1BD2-4514-A49F-DC17F5A3F827}
	EndGlobalSection
EndGlobal
